
Microsoft Visual Studio Solution File, Format Version 12.00
# Visual Studio Version 17
VisualStudioVersion = 17.11.35312.102
MinimumVisualStudioVersion = 10.0.40219.1
Project("{FAE04EC0-301F-11D3-BF4B-00C04F79EFBC}") = "ZoomPos", "ZoomPosCS\ZoomPos.csproj", "{71976383-4A29-4E0F-82C2-B3CECBDF9153}"
EndProject
Global
	GlobalSection(SolutionConfigurationPlatforms) = preSolution
		Debug|Any CPU = Debug|Any CPU
		Debug|x64 = Debug|x64
		Release|Any CPU = Release|Any CPU
		Release|x64 = Release|x64
	EndGlobalSection
	GlobalSection(ProjectConfigurationPlatforms) = postSolution
		{71976383-4A29-4E0F-82C2-B3CECBDF9153}.Debug|Any CPU.ActiveCfg = Debug|Any CPU
		{71976383-4A29-4E0F-82C2-B3CECBDF9153}.Debug|Any CPU.Build.0 = Debug|Any CPU
		{71976383-4A29-4E0F-82C2-B3CECBDF9153}.Debug|x64.ActiveCfg = Debug|x64
		{71976383-4A29-4E0F-82C2-B3CECBDF9153}.Debug|x64.Build.0 = Debug|x64
		{71976383-4A29-4E0F-82C2-B3CECBDF9153}.Release|Any CPU.ActiveCfg = Release|Any CPU
		{71976383-4A29-4E0F-82C2-B3CECBDF9153}.Release|Any CPU.Build.0 = Release|Any CPU
		{71976383-4A29-4E0F-82C2-B3CECBDF9153}.Release|x64.ActiveCfg = Release|Any CPU
		{71976383-4A29-4E0F-82C2-B3CECBDF9153}.Release|x64.Build.0 = Release|Any CPU
	EndGlobalSection
	GlobalSection(SolutionProperties) = preSolution
		HideSolutionNode = FALSE
	EndGlobalSection
	GlobalSection(ExtensibilityGlobals) = postSolution
		SolutionGuid = {839ED4EC-1AA0-4DFF-9418-C1B71477E3FC}
	EndGlobalSection
EndGlobal
